# THIS IS AN AUTOGENERATED FILE. DO NOT EDIT THIS FILE DIRECTLY.
# yarn lockfile v1


daisyui@^5.0.4:
  version "5.0.4"
  resolved "https://registry.yarnpkg.com/daisyui/-/daisyui-5.0.4.tgz#afac841df7ddfe6173501e22d0bfd2a677f736b9"
  integrity sha512-9X3oX/k9hPBCslAECk8kYfvwgrz6Grs0lN7VI0/ZTM/hUfq1uFREHxCcBCCq0QROpN183N19B1hTNRWGipO2Eg==
